<?xml version="1.0" encoding="utf-8"?>
<Project ToolsVersion="4.0" xmlns="http://schemas.microsoft.com/developer/msbuild/2003">
  <ItemGroup>
    <Filter Include="Source Files">
      <UniqueIdentifier>{4FC737F1-C7A5-4376-A066-2A32D752A2FF}</UniqueIdentifier>
      <Extensions>cpp;c;cc;cxx;def;odl;idl;hpj;bat;asm;asmx</Extensions>
    </Filter>
    <Filter Include="Header Files">
      <UniqueIdentifier>{93995380-89BD-4b04-88EB-625FBE52EBFB}</UniqueIdentifier>
      <Extensions>h;hh;hpp;hxx;hm;inl;inc;ipp;xsd</Extensions>
    </Filter>
    <Filter Include="Resource Files">
      <UniqueIdentifier>{67DA6AB6-F800-4c08-8B7A-83BB121AAD01}</UniqueIdentifier>
      <Extensions>rc;ico;cur;bmp;dlg;rc2;rct;bin;rgs;gif;jpg;jpeg;jpe;resx;tiff;tif;png;wav;mfcribbon-ms</Extensions>
    </Filter>
    <Filter Include="Source Files\Minecraft">
      <UniqueIdentifier>{a73944f3-5533-4063-ae0a-b1d3ce5ea660}</UniqueIdentifier>
    </Filter>
    <Filter Include="Source Files\Zenova">
      <UniqueIdentifier>{7e5b1e0f-de5f-4d74-9f0d-d06fbfbb08d6}</UniqueIdentifier>
    </Filter>
    <Filter Include="Header Files\Zenova">
      <UniqueIdentifier>{b70273cc-9283-4923-b0c3-51d0c1fba352}</UniqueIdentifier>
    </Filter>
    <Filter Include="Header Files\Zenova\OS">
      <UniqueIdentifier>{10d98129-b2cf-4601-86df-d5e8ecd30082}</UniqueIdentifier>
    </Filter>
    <Filter Include="Source Files\Zenova\OS">
      <UniqueIdentifier>{4a9100f2-5f24-4bd4-a591-aea9cd812d99}</UniqueIdentifier>
    </Filter>
  </ItemGroup>
  <ItemGroup>
    <ClCompile Include="src\dllmain.cpp">
      <Filter>Source Files</Filter>
    </ClCompile>
    <ClCompile Include="src\zenova\Zenova.cpp">
      <Filter>Source Files\Zenova</Filter>
    </ClCompile>
    <ClCompile Include="src\Minecraft\Block.cpp">
      <Filter>Source Files\Minecraft</Filter>
    </ClCompile>
    <ClCompile Include="src\Minecraft\BlockLegacy.cpp">
      <Filter>Source Files\Minecraft</Filter>
    </ClCompile>
    <ClCompile Include="src\Minecraft\BlockTypeRegistry.cpp">
      <Filter>Source Files\Minecraft</Filter>
    </ClCompile>
    <ClCompile Include="src\Minecraft\Item.cpp">
      <Filter>Source Files\Minecraft</Filter>
    </ClCompile>
    <ClCompile Include="src\Minecraft\ItemRegistry.cpp">
      <Filter>Source Files\Minecraft</Filter>
    </ClCompile>
    <ClCompile Include="src\Minecraft\Util.cpp">
      <Filter>Source Files\Minecraft</Filter>
    </ClCompile>
    <ClCompile Include="src\Zenova\Mod.cpp">
      <Filter>Source Files\Zenova</Filter>
    </ClCompile>
    <ClCompile Include="src\Zenova\OS\Linux.cpp">
      <Filter>Source Files\Zenova\OS</Filter>
    </ClCompile>
    <ClCompile Include="src\Zenova\OS\OS.cpp">
      <Filter>Source Files\Zenova\OS</Filter>
    </ClCompile>
    <ClCompile Include="src\Zenova\OS\Windows.cpp">
      <Filter>Source Files\Zenova\OS</Filter>
    </ClCompile>
    <ClCompile Include="src\Zenova\StorageResolver.cpp">
      <Filter>Source Files\Zenova</Filter>
    </ClCompile>
    <ClCompile Include="src\Zenova\Log.cpp">
      <Filter>Source Files\Zenova</Filter>
    </ClCompile>
    <ClCompile Include="src\Zenova\Hook.cpp">
      <Filter>Source Files\Zenova</Filter>
    </ClCompile>
  </ItemGroup>
  <ItemGroup>
    <ClInclude Include="inc\Zenova\OS\Linux.h">
      <Filter>Header Files\Zenova\OS</Filter>
    </ClInclude>
    <ClInclude Include="inc\Zenova\OS\OS.h">
      <Filter>Header Files\Zenova\OS</Filter>
    </ClInclude>
    <ClInclude Include="inc\Zenova\OS\Windows.h">
      <Filter>Header Files\Zenova\OS</Filter>
    </ClInclude>
    <ClInclude Include="inc\Zenova\Common.h">
      <Filter>Header Files\Zenova</Filter>
    </ClInclude>
    <ClInclude Include="inc\Zenova\Mod.h">
      <Filter>Header Files\Zenova</Filter>
    </ClInclude>
    <ClInclude Include="inc\MinHook.h">
      <Filter>Header Files\Zenova</Filter>
    </ClInclude>
    <ClInclude Include="inc\Zenova\StorageResolver.h">
      <Filter>Header Files\Zenova</Filter>
    </ClInclude>
    <ClInclude Include="inc\Zenova\Log.h">
      <Filter>Header Files\Zenova</Filter>
    </ClInclude>
    <ClInclude Include="inc\Zenova\Hook.h">
      <Filter>Header Files\Zenova</Filter>
    </ClInclude>
    <ClInclude Include="inc\Zenova.h">
      <Filter>Header Files</Filter>
    </ClInclude>
  </ItemGroup>
</Project>